
Microsoft Visual Studio Solution File, Format Version 12.00
# Visual Studio 15
VisualStudioVersion = 15.0.26124.0
MinimumVisualStudioVersion = 15.0.26124.0
Project("{FAE04EC0-301F-11D3-BF4B-00C04F79EFBC}") = "MonoTiled", "MonoTiled.csproj", "{C06A1141-A22E-4340-8CB9-C9BA4F31FEC1}"
EndProject
Project("{FAE04EC0-301F-11D3-BF4B-00C04F79EFBC}") = "MonoTiled", "MonoTiled\MonoTiled.csproj", "{0191021F-633A-45EB-BBDE-C409475D1C13}"
EndProject
Project("{FAE04EC0-301F-11D3-BF4B-00C04F79EFBC}") = "MonoTiled.Test", "MonoTiled.Test\MonoTiled.Test.csproj", "{2BAF4F80-8A50-4D72-AAF6-BCAA5AC3C801}"
EndProject
Global
	GlobalSection(SolutionConfigurationPlatforms) = preSolution
		Debug|Any CPU = Debug|Any CPU
		Debug|x64 = Debug|x64
		Debug|x86 = Debug|x86
		Release|Any CPU = Release|Any CPU
		Release|x64 = Release|x64
		Release|x86 = Release|x86
	EndGlobalSection
	GlobalSection(SolutionProperties) = preSolution
		HideSolutionNode = FALSE
	EndGlobalSection
	GlobalSection(ProjectConfigurationPlatforms) = postSolution
		{C06A1141-A22E-4340-8CB9-C9BA4F31FEC1}.Debug|Any CPU.ActiveCfg = Debug|Any CPU
		{C06A1141-A22E-4340-8CB9-C9BA4F31FEC1}.Debug|Any CPU.Build.0 = Debug|Any CPU
		{C06A1141-A22E-4340-8CB9-C9BA4F31FEC1}.Debug|x64.ActiveCfg = Debug|Any CPU
		{C06A1141-A22E-4340-8CB9-C9BA4F31FEC1}.Debug|x64.Build.0 = Debug|Any CPU
		{C06A1141-A22E-4340-8CB9-C9BA4F31FEC1}.Debug|x86.ActiveCfg = Debug|Any CPU
		{C06A1141-A22E-4340-8CB9-C9BA4F31FEC1}.Debug|x86.Build.0 = Debug|Any CPU
		{C06A1141-A22E-4340-8CB9-C9BA4F31FEC1}.Release|Any CPU.ActiveCfg = Release|Any CPU
		{C06A1141-A22E-4340-8CB9-C9BA4F31FEC1}.Release|Any CPU.Build.0 = Release|Any CPU
		{C06A1141-A22E-4340-8CB9-C9BA4F31FEC1}.Release|x64.ActiveCfg = Release|Any CPU
		{C06A1141-A22E-4340-8CB9-C9BA4F31FEC1}.Release|x64.Build.0 = Release|Any CPU
		{C06A1141-A22E-4340-8CB9-C9BA4F31FEC1}.Release|x86.ActiveCfg = Release|Any CPU
		{C06A1141-A22E-4340-8CB9-C9BA4F31FEC1}.Release|x86.Build.0 = Release|Any CPU
		{0191021F-633A-45EB-BBDE-C409475D1C13}.Debug|Any CPU.ActiveCfg = Debug|Any CPU
		{0191021F-633A-45EB-BBDE-C409475D1C13}.Debug|Any CPU.Build.0 = Debug|Any CPU
		{0191021F-633A-45EB-BBDE-C409475D1C13}.Debug|x64.ActiveCfg = Debug|Any CPU
		{0191021F-633A-45EB-BBDE-C409475D1C13}.Debug|x64.Build.0 = Debug|Any CPU
		{0191021F-633A-45EB-BBDE-C409475D1C13}.Debug|x86.ActiveCfg = Debug|Any CPU
		{0191021F-633A-45EB-BBDE-C409475D1C13}.Debug|x86.Build.0 = Debug|Any CPU
		{0191021F-633A-45EB-BBDE-C409475D1C13}.Release|Any CPU.ActiveCfg = Release|Any CPU
		{0191021F-633A-45EB-BBDE-C409475D1C13}.Release|Any CPU.Build.0 = Release|Any CPU
		{0191021F-633A-45EB-BBDE-C409475D1C13}.Release|x64.ActiveCfg = Release|Any CPU
		{0191021F-633A-45EB-BBDE-C409475D1C13}.Release|x64.Build.0 = Release|Any CPU
		{0191021F-633A-45EB-BBDE-C409475D1C13}.Release|x86.ActiveCfg = Release|Any CPU
		{0191021F-633A-45EB-BBDE-C409475D1C13}.Release|x86.Build.0 = Release|Any CPU
		{2BAF4F80-8A50-4D72-AAF6-BCAA5AC3C801}.Debug|Any CPU.ActiveCfg = Debug|Any CPU
		{2BAF4F80-8A50-4D72-AAF6-BCAA5AC3C801}.Debug|Any CPU.Build.0 = Debug|Any CPU
		{2BAF4F80-8A50-4D72-AAF6-BCAA5AC3C801}.Debug|x64.ActiveCfg = Debug|Any CPU
		{2BAF4F80-8A50-4D72-AAF6-BCAA5AC3C801}.Debug|x64.Build.0 = Debug|Any CPU
		{2BAF4F80-8A50-4D72-AAF6-BCAA5AC3C801}.Debug|x86.ActiveCfg = Debug|Any CPU
		{2BAF4F80-8A50-4D72-AAF6-BCAA5AC3C801}.Debug|x86.Build.0 = Debug|Any CPU
		{2BAF4F80-8A50-4D72-AAF6-BCAA5AC3C801}.Release|Any CPU.ActiveCfg = Release|Any CPU
		{2BAF4F80-8A50-4D72-AAF6-BCAA5AC3C801}.Release|Any CPU.Build.0 = Release|Any CPU
		{2BAF4F80-8A50-4D72-AAF6-BCAA5AC3C801}.Release|x64.ActiveCfg = Release|Any CPU
		{2BAF4F80-8A50-4D72-AAF6-BCAA5AC3C801}.Release|x64.Build.0 = Release|Any CPU
		{2BAF4F80-8A50-4D72-AAF6-BCAA5AC3C801}.Release|x86.ActiveCfg = Release|Any CPU
		{2BAF4F80-8A50-4D72-AAF6-BCAA5AC3C801}.Release|x86.Build.0 = Release|Any CPU
	EndGlobalSection
EndGlobal
